
Microsoft Visual Studio Solution File, Format Version 12.00
# Visual Studio Version 17
VisualStudioVersion = 17.5.33424.131
MinimumVisualStudioVersion = 10.0.40219.1
Project("{9A19103F-16F7-4668-BE54-9A1E7A4F7556}") = "movie-tracker-website", "movie-tracker-website.csproj", "{B1AE9B15-1889-42AA-A02F-B314E0613D78}"
EndProject
Global
	GlobalSection(SolutionConfigurationPlatforms) = preSolution
		Debug|Any CPU = Debug|Any CPU
		Release|Any CPU = Release|Any CPU
	EndGlobalSection
	GlobalSection(ProjectConfigurationPlatforms) = postSolution
		{B1AE9B15-1889-42AA-A02F-B314E0613D78}.Debug|Any CPU.ActiveCfg = Debug|Any CPU
		{B1AE9B15-1889-42AA-A02F-B314E0613D78}.Debug|Any CPU.Build.0 = Debug|Any CPU
		{B1AE9B15-1889-42AA-A02F-B314E0613D78}.Release|Any CPU.ActiveCfg = Release|Any CPU
		{B1AE9B15-1889-42AA-A02F-B314E0613D78}.Release|Any CPU.Build.0 = Release|Any CPU
	EndGlobalSection
	GlobalSection(SolutionProperties) = preSolution
		HideSolutionNode = FALSE
	EndGlobalSection
	GlobalSection(ExtensibilityGlobals) = postSolution
		SolutionGuid = {CAFF14A6-27A3-40D0-A46E-C69624E9D303}
	EndGlobalSection
EndGlobal
